
Microsoft Visual Studio Solution File, Format Version 12.00
# Visual Studio 14
VisualStudioVersion = 14.0.24720.0
MinimumVisualStudioVersion = 10.0.40219.1
Project("{FAE04EC0-301F-11D3-BF4B-00C04F79EFBC}") = "Demo", "FiddlerCoreAPI\SampleApp\Demo.csproj", "{B4436616-28A2-4B98-9C39-3DA4AC95537E}"
EndProject
Project("{F184B08F-C81C-45F6-A57F-5ABD9991F28F}") = "myFiddlerEx01", "myFiddlerEx01\myFiddlerEx01.vbproj", "{3BDEB459-8E5E-4861-8AC4-1249B312ECED}"
EndProject
Project("{F184B08F-C81C-45F6-A57F-5ABD9991F28F}") = "myFiddlerEx02", "myFiddlerEx02\myFiddlerEx02.vbproj", "{BC3BD11E-DE9F-40D5-8744-D23879032B04}"
EndProject
Project("{FAE04EC0-301F-11D3-BF4B-00C04F79EFBC}") = "cFiddlerEx01", "cFiddlerEx01\cFiddlerEx01.csproj", "{8330D94D-DC5B-4F7D-A1BC-FCEFB8CE7BA8}"
EndProject
Project("{FAE04EC0-301F-11D3-BF4B-00C04F79EFBC}") = "cFiddlerEx02", "cFiddlerEx02\cFiddlerEx02.csproj", "{C5C2F881-14DF-440B-BF6B-3F8E49356A45}"
EndProject
Project("{FAE04EC0-301F-11D3-BF4B-00C04F79EFBC}") = "aIcantwEx01", "aIcantwEx01\aIcantwEx01.csproj", "{B76AE7DA-FA5D-4A7F-AC98-CB45C78D70A3}"
EndProject
Project("{FAE04EC0-301F-11D3-BF4B-00C04F79EFBC}") = "aIcantwEx02", "aIcantwEx02\aIcantwEx02.csproj", "{676B9036-00B5-4F28-899F-7D6F20C615BD}"
EndProject
Project("{FAE04EC0-301F-11D3-BF4B-00C04F79EFBC}") = "aIcantwEx03", "aIcantwEx03\aIcantwEx03.csproj", "{0748B6F0-FC87-4656-9125-52031AAB90B6}"
EndProject
Project("{FAE04EC0-301F-11D3-BF4B-00C04F79EFBC}") = "myKing", "myKing\myKing.csproj", "{A0DD65C6-B7F0-4719-9D46-6AFE3070E296}"
EndProject
Project("{FAE04EC0-301F-11D3-BF4B-00C04F79EFBC}") = "SessionAnalyser", "SessionAnalyser\SessionAnalyser.csproj", "{0BCD52F2-1F43-40A8-96C4-F349BE2A5BF5}"
EndProject
Global
	GlobalSection(SolutionConfigurationPlatforms) = preSolution
		Debug|Any CPU = Debug|Any CPU
		Release Signed|Any CPU = Release Signed|Any CPU
		Release|Any CPU = Release|Any CPU
		Release-Plus|Any CPU = Release-Plus|Any CPU
	EndGlobalSection
	GlobalSection(ProjectConfigurationPlatforms) = postSolution
		{B4436616-28A2-4B98-9C39-3DA4AC95537E}.Debug|Any CPU.ActiveCfg = Debug|Any CPU
		{B4436616-28A2-4B98-9C39-3DA4AC95537E}.Debug|Any CPU.Build.0 = Debug|Any CPU
		{B4436616-28A2-4B98-9C39-3DA4AC95537E}.Release Signed|Any CPU.ActiveCfg = Release Signed|Any CPU
		{B4436616-28A2-4B98-9C39-3DA4AC95537E}.Release Signed|Any CPU.Build.0 = Release Signed|Any CPU
		{B4436616-28A2-4B98-9C39-3DA4AC95537E}.Release|Any CPU.ActiveCfg = Release|Any CPU
		{B4436616-28A2-4B98-9C39-3DA4AC95537E}.Release|Any CPU.Build.0 = Release|Any CPU
		{B4436616-28A2-4B98-9C39-3DA4AC95537E}.Release-Plus|Any CPU.ActiveCfg = Release-Plus|Any CPU
		{B4436616-28A2-4B98-9C39-3DA4AC95537E}.Release-Plus|Any CPU.Build.0 = Release-Plus|Any CPU
		{3BDEB459-8E5E-4861-8AC4-1249B312ECED}.Debug|Any CPU.ActiveCfg = Debug|Any CPU
		{3BDEB459-8E5E-4861-8AC4-1249B312ECED}.Debug|Any CPU.Build.0 = Debug|Any CPU
		{3BDEB459-8E5E-4861-8AC4-1249B312ECED}.Release Signed|Any CPU.ActiveCfg = Release|Any CPU
		{3BDEB459-8E5E-4861-8AC4-1249B312ECED}.Release Signed|Any CPU.Build.0 = Release|Any CPU
		{3BDEB459-8E5E-4861-8AC4-1249B312ECED}.Release|Any CPU.ActiveCfg = Release|Any CPU
		{3BDEB459-8E5E-4861-8AC4-1249B312ECED}.Release|Any CPU.Build.0 = Release|Any CPU
		{3BDEB459-8E5E-4861-8AC4-1249B312ECED}.Release-Plus|Any CPU.ActiveCfg = Release|Any CPU
		{3BDEB459-8E5E-4861-8AC4-1249B312ECED}.Release-Plus|Any CPU.Build.0 = Release|Any CPU
		{BC3BD11E-DE9F-40D5-8744-D23879032B04}.Debug|Any CPU.ActiveCfg = Debug|Any CPU
		{BC3BD11E-DE9F-40D5-8744-D23879032B04}.Debug|Any CPU.Build.0 = Debug|Any CPU
		{BC3BD11E-DE9F-40D5-8744-D23879032B04}.Release Signed|Any CPU.ActiveCfg = Release|Any CPU
		{BC3BD11E-DE9F-40D5-8744-D23879032B04}.Release Signed|Any CPU.Build.0 = Release|Any CPU
		{BC3BD11E-DE9F-40D5-8744-D23879032B04}.Release|Any CPU.ActiveCfg = Release|Any CPU
		{BC3BD11E-DE9F-40D5-8744-D23879032B04}.Release|Any CPU.Build.0 = Release|Any CPU
		{BC3BD11E-DE9F-40D5-8744-D23879032B04}.Release-Plus|Any CPU.ActiveCfg = Release|Any CPU
		{BC3BD11E-DE9F-40D5-8744-D23879032B04}.Release-Plus|Any CPU.Build.0 = Release|Any CPU
		{8330D94D-DC5B-4F7D-A1BC-FCEFB8CE7BA8}.Debug|Any CPU.ActiveCfg = Debug|Any CPU
		{8330D94D-DC5B-4F7D-A1BC-FCEFB8CE7BA8}.Debug|Any CPU.Build.0 = Debug|Any CPU
		{8330D94D-DC5B-4F7D-A1BC-FCEFB8CE7BA8}.Release Signed|Any CPU.ActiveCfg = Release|Any CPU
		{8330D94D-DC5B-4F7D-A1BC-FCEFB8CE7BA8}.Release Signed|Any CPU.Build.0 = Release|Any CPU
		{8330D94D-DC5B-4F7D-A1BC-FCEFB8CE7BA8}.Release|Any CPU.ActiveCfg = Release|Any CPU
		{8330D94D-DC5B-4F7D-A1BC-FCEFB8CE7BA8}.Release|Any CPU.Build.0 = Release|Any CPU
		{8330D94D-DC5B-4F7D-A1BC-FCEFB8CE7BA8}.Release-Plus|Any CPU.ActiveCfg = Release|Any CPU
		{8330D94D-DC5B-4F7D-A1BC-FCEFB8CE7BA8}.Release-Plus|Any CPU.Build.0 = Release|Any CPU
		{C5C2F881-14DF-440B-BF6B-3F8E49356A45}.Debug|Any CPU.ActiveCfg = Debug|Any CPU
		{C5C2F881-14DF-440B-BF6B-3F8E49356A45}.Debug|Any CPU.Build.0 = Debug|Any CPU
		{C5C2F881-14DF-440B-BF6B-3F8E49356A45}.Release Signed|Any CPU.ActiveCfg = Release|Any CPU
		{C5C2F881-14DF-440B-BF6B-3F8E49356A45}.Release Signed|Any CPU.Build.0 = Release|Any CPU
		{C5C2F881-14DF-440B-BF6B-3F8E49356A45}.Release|Any CPU.ActiveCfg = Release|Any CPU
		{C5C2F881-14DF-440B-BF6B-3F8E49356A45}.Release|Any CPU.Build.0 = Release|Any CPU
		{C5C2F881-14DF-440B-BF6B-3F8E49356A45}.Release-Plus|Any CPU.ActiveCfg = Release|Any CPU
		{C5C2F881-14DF-440B-BF6B-3F8E49356A45}.Release-Plus|Any CPU.Build.0 = Release|Any CPU
		{B76AE7DA-FA5D-4A7F-AC98-CB45C78D70A3}.Debug|Any CPU.ActiveCfg = Debug|Any CPU
		{B76AE7DA-FA5D-4A7F-AC98-CB45C78D70A3}.Debug|Any CPU.Build.0 = Debug|Any CPU
		{B76AE7DA-FA5D-4A7F-AC98-CB45C78D70A3}.Release Signed|Any CPU.ActiveCfg = Release|Any CPU
		{B76AE7DA-FA5D-4A7F-AC98-CB45C78D70A3}.Release Signed|Any CPU.Build.0 = Release|Any CPU
		{B76AE7DA-FA5D-4A7F-AC98-CB45C78D70A3}.Release|Any CPU.ActiveCfg = Release|Any CPU
		{B76AE7DA-FA5D-4A7F-AC98-CB45C78D70A3}.Release|Any CPU.Build.0 = Release|Any CPU
		{B76AE7DA-FA5D-4A7F-AC98-CB45C78D70A3}.Release-Plus|Any CPU.ActiveCfg = Release|Any CPU
		{B76AE7DA-FA5D-4A7F-AC98-CB45C78D70A3}.Release-Plus|Any CPU.Build.0 = Release|Any CPU
		{676B9036-00B5-4F28-899F-7D6F20C615BD}.Debug|Any CPU.ActiveCfg = Debug|Any CPU
		{676B9036-00B5-4F28-899F-7D6F20C615BD}.Debug|Any CPU.Build.0 = Debug|Any CPU
		{676B9036-00B5-4F28-899F-7D6F20C615BD}.Release Signed|Any CPU.ActiveCfg = Release|Any CPU
		{676B9036-00B5-4F28-899F-7D6F20C615BD}.Release Signed|Any CPU.Build.0 = Release|Any CPU
		{676B9036-00B5-4F28-899F-7D6F20C615BD}.Release|Any CPU.ActiveCfg = Release|Any CPU
		{676B9036-00B5-4F28-899F-7D6F20C615BD}.Release|Any CPU.Build.0 = Release|Any CPU
		{676B9036-00B5-4F28-899F-7D6F20C615BD}.Release-Plus|Any CPU.ActiveCfg = Release|Any CPU
		{676B9036-00B5-4F28-899F-7D6F20C615BD}.Release-Plus|Any CPU.Build.0 = Release|Any CPU
		{0748B6F0-FC87-4656-9125-52031AAB90B6}.Debug|Any CPU.ActiveCfg = Debug|Any CPU
		{0748B6F0-FC87-4656-9125-52031AAB90B6}.Debug|Any CPU.Build.0 = Debug|Any CPU
		{0748B6F0-FC87-4656-9125-52031AAB90B6}.Release Signed|Any CPU.ActiveCfg = Release|Any CPU
		{0748B6F0-FC87-4656-9125-52031AAB90B6}.Release Signed|Any CPU.Build.0 = Release|Any CPU
		{0748B6F0-FC87-4656-9125-52031AAB90B6}.Release|Any CPU.ActiveCfg = Release|Any CPU
		{0748B6F0-FC87-4656-9125-52031AAB90B6}.Release|Any CPU.Build.0 = Release|Any CPU
		{0748B6F0-FC87-4656-9125-52031AAB90B6}.Release-Plus|Any CPU.ActiveCfg = Release|Any CPU
		{0748B6F0-FC87-4656-9125-52031AAB90B6}.Release-Plus|Any CPU.Build.0 = Release|Any CPU
		{A0DD65C6-B7F0-4719-9D46-6AFE3070E296}.Debug|Any CPU.ActiveCfg = Debug|Any CPU
		{A0DD65C6-B7F0-4719-9D46-6AFE3070E296}.Debug|Any CPU.Build.0 = Debug|Any CPU
		{A0DD65C6-B7F0-4719-9D46-6AFE3070E296}.Release Signed|Any CPU.ActiveCfg = Release|Any CPU
		{A0DD65C6-B7F0-4719-9D46-6AFE3070E296}.Release Signed|Any CPU.Build.0 = Release|Any CPU
		{A0DD65C6-B7F0-4719-9D46-6AFE3070E296}.Release|Any CPU.ActiveCfg = Release|Any CPU
		{A0DD65C6-B7F0-4719-9D46-6AFE3070E296}.Release|Any CPU.Build.0 = Release|Any CPU
		{A0DD65C6-B7F0-4719-9D46-6AFE3070E296}.Release-Plus|Any CPU.ActiveCfg = Release|Any CPU
		{A0DD65C6-B7F0-4719-9D46-6AFE3070E296}.Release-Plus|Any CPU.Build.0 = Release|Any CPU
		{0BCD52F2-1F43-40A8-96C4-F349BE2A5BF5}.Debug|Any CPU.ActiveCfg = Debug|Any CPU
		{0BCD52F2-1F43-40A8-96C4-F349BE2A5BF5}.Debug|Any CPU.Build.0 = Debug|Any CPU
		{0BCD52F2-1F43-40A8-96C4-F349BE2A5BF5}.Release Signed|Any CPU.ActiveCfg = Release|Any CPU
		{0BCD52F2-1F43-40A8-96C4-F349BE2A5BF5}.Release Signed|Any CPU.Build.0 = Release|Any CPU
		{0BCD52F2-1F43-40A8-96C4-F349BE2A5BF5}.Release|Any CPU.ActiveCfg = Release|Any CPU
		{0BCD52F2-1F43-40A8-96C4-F349BE2A5BF5}.Release|Any CPU.Build.0 = Release|Any CPU
		{0BCD52F2-1F43-40A8-96C4-F349BE2A5BF5}.Release-Plus|Any CPU.ActiveCfg = Release|Any CPU
		{0BCD52F2-1F43-40A8-96C4-F349BE2A5BF5}.Release-Plus|Any CPU.Build.0 = Release|Any CPU
	EndGlobalSection
	GlobalSection(SolutionProperties) = preSolution
		HideSolutionNode = FALSE
	EndGlobalSection
EndGlobal
